<Solution>
  <Project Path="src/System.Drawing.Common/System.Drawing.Common.csproj" />
  <Project Path="src/System.Drawing/System.Drawing.csproj" />
  <Project Path="src/System.Windows.Forms/System.Windows.Forms.csproj" />
  <Project Path="src/TestApp/TestApp.csproj" />
  <Project Path="src/AllControlsSample/AllControlsSample.csproj" />
</Solution>
